// !$*UTF8*$!
{
	archiveVersion = 1;
	classes = {
	};
	objectVersion = 50;
	objects = {

/* Begin PBXBuildFile section */
		A5DEA40A267780890003FD33 /* AppDelegate.swift in Sources */ = {isa = PBXBuildFile; fileRef = A5DEA409267780890003FD33 /* AppDelegate.swift */; };
		A5DEA40C267780890003FD33 /* SceneDelegate.swift in Sources */ = {isa = PBXBuildFile; fileRef = A5DEA40B267780890003FD33 /* SceneDelegate.swift */; };
		A5DEA40E267780890003FD33 /* ViewController.swift in Sources */ = {isa = PBXBuildFile; fileRef = A5DEA40D267780890003FD33 /* ViewController.swift */; };
		A5DEA411267780890003FD33 /* Main.storyboard in Resources */ = {isa = PBXBuildFile; fileRef = A5DEA40F267780890003FD33 /* Main.storyboard */; };
		A5DEA4132677808C0003FD33 /* Assets.xcassets in Resources */ = {isa = PBXBuildFile; fileRef = A5DEA4122677808C0003FD33 /* Assets.xcassets */; };
		A5DEA4162677808C0003FD33 /* LaunchScreen.storyboard in Resources */ = {isa = PBXBuildFile; fileRef = A5DEA4142677808C0003FD33 /* LaunchScreen.storyboard */; };
		A5DEA4212677808C0003FD33 /* SimpleRSSReaderTests.swift in Sources */ = {isa = PBXBuildFile; fileRef = A5DEA4202677808C0003FD33 /* SimpleRSSReaderTests.swift */; };
		A5DEA42C2677808C0003FD33 /* SimpleRSSReaderUITests.swift in Sources */ = {isa = PBXBuildFile; fileRef = A5DEA42B2677808C0003FD33 /* SimpleRSSReaderUITests.swift */; };
/* End PBXBuildFile section */

/* Begin PBXContainerItemProxy section */
		A5DEA41D2677808C0003FD33 /* PBXContainerItemProxy */ = {
			isa = PBXContainerItemProxy;
			containerPortal = A5DEA3FE267780890003FD33 /* Project object */;
			proxyType = 1;
			remoteGlobalIDString = A5DEA405267780890003FD33;
			remoteInfo = SimpleRSSReader;
		};
		A5DEA4282677808C0003FD33 /* PBXContainerItemProxy */ = {
			isa = PBXContainerItemProxy;
			containerPortal = A5DEA3FE267780890003FD33 /* Project object */;
			proxyType = 1;
			remoteGlobalIDString = A5DEA405267780890003FD33;
			remoteInfo = SimpleRSSReader;
		};
/* End PBXContainerItemProxy section */

/* Begin PBXFileReference section */
		A5DEA406267780890003FD33 /* SimpleRSSReader.app */ = {isa = PBXFileReference; explicitFileType = wrapper.application; includeInIndex = 0; path = SimpleRSSReader.app; sourceTree = BUILT_PRODUCTS_DIR; };
		A5DEA409267780890003FD33 /* AppDelegate.swift */ = {isa = PBXFileReference; lastKnownFileType = sourcecode.swift; path = AppDelegate.swift; sourceTree = "<group>"; };
		A5DEA40B267780890003FD33 /* SceneDelegate.swift */ = {isa = PBXFileReference; lastKnownFileType = sourcecode.swift; path = SceneDelegate.swift; sourceTree = "<group>"; };
		A5DEA40D267780890003FD33 /* ViewController.swift */ = {isa = PBXFileReference; lastKnownFileType = sourcecode.swift; path = ViewController.swift; sourceTree = "<group>"; };
		A5DEA410267780890003FD33 /* Base */ = {isa = PBXFileReference; lastKnownFileType = file.storyboard; name = Base; path = Base.lproj/Main.storyboard; sourceTree = "<group>"; };
		A5DEA4122677808C0003FD33 /* Assets.xcassets */ = {isa = PBXFileReference; lastKnownFileType = folder.assetcatalog; path = Assets.xcassets; sourceTree = "<group>"; };
		A5DEA4152677808C0003FD33 /* Base */ = {isa = PBXFileReference; lastKnownFileType = file.storyboard; name = Base; path = Base.lproj/LaunchScreen.storyboard; sourceTree = "<group>"; };
		A5DEA4172677808C0003FD33 /* Info.plist */ = {isa = PBXFileReference; lastKnownFileType = text.plist.xml; path = Info.plist; sourceTree = "<group>"; };
		A5DEA41C2677808C0003FD33 /* SimpleRSSReaderTests.xctest */ = {isa = PBXFileReference; explicitFileType = wrapper.cfbundle; includeInIndex = 0; path = SimpleRSSReaderTests.xctest; sourceTree = BUILT_PRODUCTS_DIR; };
		A5DEA4202677808C0003FD33 /* SimpleRSSReaderTests.swift */ = {isa = PBXFileReference; lastKnownFileType = sourcecode.swift; path = SimpleRSSReaderTests.swift; sourceTree = "<group>"; };
		A5DEA4222677808C0003FD33 /* Info.plist */ = {isa = PBXFileReference; lastKnownFileType = text.plist.xml; path = Info.plist; sourceTree = "<group>"; };
		A5DEA4272677808C0003FD33 /* SimpleRSSReaderUITests.xctest */ = {isa = PBXFileReference; explicitFileType = wrapper.cfbundle; includeInIndex = 0; path = SimpleRSSReaderUITests.xctest; sourceTree = BUILT_PRODUCTS_DIR; };
		A5DEA42B2677808C0003FD33 /* SimpleRSSReaderUITests.swift */ = {isa = PBXFileReference; lastKnownFileType = sourcecode.swift; path = SimpleRSSReaderUITests.swift; sourceTree = "<group>"; };
		A5DEA42D2677808C0003FD33 /* Info.plist */ = {isa = PBXFileReference; lastKnownFileType = text.plist.xml; path = Info.plist; sourceTree = "<group>"; };
/* End PBXFileReference section */

/* Begin PBXFrameworksBuildPhase section */
		A5DEA403267780890003FD33 /* Frameworks */ = {
			isa = PBXFrameworksBuildPhase;
			buildActionMask = 2147483647;
			files = (
			);
			runOnlyForDeploymentPostprocessing = 0;
		};
		A5DEA4192677808C0003FD33 /* Frameworks */ = {
			isa = PBXFrameworksBuildPhase;
			buildActionMask = 2147483647;
			files = (
			);
			runOnlyForDeploymentPostprocessing = 0;
		};
		A5DEA4242677808C0003FD33 /* Frameworks */ = {
			isa = PBXFrameworksBuildPhase;
			buildActionMask = 2147483647;
			files = (
			);
			runOnlyForDeploymentPostprocessing = 0;
		};
/* End PBXFrameworksBuildPhase section */

/* Begin PBXGroup section */
		A5DEA3FD267780890003FD33 = {
			isa = PBXGroup;
			children = (
				A5DEA408267780890003FD33 /* SimpleRSSReader */,
				A5DEA41F2677808C0003FD33 /* SimpleRSSReaderTests */,
				A5DEA42A2677808C0003FD33 /* SimpleRSSReaderUITests */,
				A5DEA407267780890003FD33 /* Products */,
			);
			sourceTree = "<group>";
		};
		A5DEA407267780890003FD33 /* Products */ = {
			isa = PBXGroup;
			children = (
				A5DEA406267780890003FD33 /* SimpleRSSReader.app */,
				A5DEA41C2677808C0003FD33 /* SimpleRSSReaderTests.xctest */,
				A5DEA4272677808C0003FD33 /* SimpleRSSReaderUITests.xctest */,
			);
			name = Products;
			sourceTree = "<group>";
		};
		A5DEA408267780890003FD33 /* SimpleRSSReader */ = {
			isa = PBXGroup;
			children = (
				A5DEA409267780890003FD33 /* AppDelegate.swift */,
				A5DEA40B267780890003FD33 /* SceneDelegate.swift */,
				A5DEA40D267780890003FD33 /* ViewController.swift */,
				A5DEA40F267780890003FD33 /* Main.storyboard */,
				A5DEA4122677808C0003FD33 /* Assets.xcassets */,
				A5DEA4142677808C0003FD33 /* LaunchScreen.storyboard */,
				A5DEA4172677808C0003FD33 /* Info.plist */,
			);
			path = SimpleRSSReader;
			sourceTree = "<group>";
		};
		A5DEA41F2677808C0003FD33 /* SimpleRSSReaderTests */ = {
			isa = PBXGroup;
			children = (
				A5DEA4202677808C0003FD33 /* SimpleRSSReaderTests.swift */,
				A5DEA4222677808C0003FD33 /* Info.plist */,
			);
			path = SimpleRSSReaderTests;
			sourceTree = "<group>";
		};
		A5DEA42A2677808C0003FD33 /* SimpleRSSReaderUITests */ = {
			isa = PBXGroup;
			children = (
				A5DEA42B2677808C0003FD33 /* SimpleRSSReaderUITests.swift */,
				A5DEA42D2677808C0003FD33 /* Info.plist */,
			);
			path = SimpleRSSReaderUITests;
			sourceTree = "<group>";
		};
/* End PBXGroup section */

/* Begin PBXNativeTarget section */
		A5DEA405267780890003FD33 /* SimpleRSSReader */ = {
			isa = PBXNativeTarget;
			buildConfigurationList = A5DEA4302677808C0003FD33 /* Build configuration list for PBXNativeTarget "SimpleRSSReader" */;
			buildPhases = (
				A5DEA402267780890003FD33 /* Sources */,
				A5DEA403267780890003FD33 /* Frameworks */,
				A5DEA404267780890003FD33 /* Resources */,
			);
			buildRules = (
			);
			dependencies = (
			);
			name = SimpleRSSReader;
			productName = SimpleRSSReader;
			productReference = A5DEA406267780890003FD33 /* SimpleRSSReader.app */;
			productType = "com.apple.product-type.application";
		};
		A5DEA41B2677808C0003FD33 /* SimpleRSSReaderTests */ = {
			isa = PBXNativeTarget;
			buildConfigurationList = A5DEA4332677808C0003FD33 /* Build configuration list for PBXNativeTarget "SimpleRSSReaderTests" */;
			buildPhases = (
				A5DEA4182677808C0003FD33 /* Sources */,
				A5DEA4192677808C0003FD33 /* Frameworks */,
				A5DEA41A2677808C0003FD33 /* Resources */,
			);
			buildRules = (
			);
			dependencies = (
				A5DEA41E2677808C0003FD33 /* PBXTargetDependency */,
			);
			name = SimpleRSSReaderTests;
			productName = SimpleRSSReaderTests;
			productReference = A5DEA41C2677808C0003FD33 /* SimpleRSSReaderTests.xctest */;
			productType = "com.apple.product-type.bundle.unit-test";
		};
		A5DEA4262677808C0003FD33 /* SimpleRSSReaderUITests */ = {
			isa = PBXNativeTarget;
			buildConfigurationList = A5DEA4362677808C0003FD33 /* Build configuration list for PBXNativeTarget "SimpleRSSReaderUITests" */;
			buildPhases = (
				A5DEA4232677808C0003FD33 /* Sources */,
				A5DEA4242677808C0003FD33 /* Frameworks */,
				A5DEA4252677808C0003FD33 /* Resources */,
			);
			buildRules = (
			);
			dependencies = (
				A5DEA4292677808C0003FD33 /* PBXTargetDependency */,
			);
			name = SimpleRSSReaderUITests;
			productName = SimpleRSSReaderUITests;
			productReference = A5DEA4272677808C0003FD33 /* SimpleRSSReaderUITests.xctest */;
			productType = "com.apple.product-type.bundle.ui-testing";
		};
/* End PBXNativeTarget section */

/* Begin PBXProject section */
		A5DEA3FE267780890003FD33 /* Project object */ = {
			isa = PBXProject;
			attributes = {
				LastSwiftUpdateCheck = 1240;
				LastUpgradeCheck = 1240;
				TargetAttributes = {
					A5DEA405267780890003FD33 = {
						CreatedOnToolsVersion = 12.4;
					};
					A5DEA41B2677808C0003FD33 = {
						CreatedOnToolsVersion = 12.4;
						TestTargetID = A5DEA405267780890003FD33;
					};
					A5DEA4262677808C0003FD33 = {
						CreatedOnToolsVersion = 12.4;
						TestTargetID = A5DEA405267780890003FD33;
					};
				};
			};
			buildConfigurationList = A5DEA401267780890003FD33 /* Build configuration list for PBXProject "SimpleRSSReader" */;
			compatibilityVersion = "Xcode 9.3";
			developmentRegion = en;
			hasScannedForEncodings = 0;
			knownRegions = (
				en,
				Base,
			);
			mainGroup = A5DEA3FD267780890003FD33;
			productRefGroup = A5DEA407267780890003FD33 /* Products */;
			projectDirPath = "";
			projectRoot = "";
			targets = (
				A5DEA405267780890003FD33 /* SimpleRSSReader */,
				A5DEA41B2677808C0003FD33 /* SimpleRSSReaderTests */,
				A5DEA4262677808C0003FD33 /* SimpleRSSReaderUITests */,
			);
		};
/* End PBXProject section */

/* Begin PBXResourcesBuildPhase section */
		A5DEA404267780890003FD33 /* Resources */ = {
			isa = PBXResourcesBuildPhase;
			buildActionMask = 2147483647;
			files = (
				A5DEA4162677808C0003FD33 /* LaunchScreen.storyboard in Resources */,
				A5DEA4132677808C0003FD33 /* Assets.xcassets in Resources */,
				A5DEA411267780890003FD33 /* Main.storyboard in Resources */,
			);
			runOnlyForDeploymentPostprocessing = 0;
		};
		A5DEA41A2677808C0003FD33 /* Resources */ = {
			isa = PBXResourcesBuildPhase;
			buildActionMask = 2147483647;
			files = (
			);
			runOnlyForDeploymentPostprocessing = 0;
		};
		A5DEA4252677808C0003FD33 /* Resources */ = {
			isa = PBXResourcesBuildPhase;
			buildActionMask = 2147483647;
			files = (
			);
			runOnlyForDeploymentPostprocessing = 0;
		};
/* End PBXResourcesBuildPhase section */

/* Begin PBXSourcesBuildPhase section */
		A5DEA402267780890003FD33 /* Sources */ = {
			isa = PBXSourcesBuildPhase;
			buildActionMask = 2147483647;
			files = (
				A5DEA40E267780890003FD33 /* ViewController.swift in Sources */,
				A5DEA40A267780890003FD33 /* AppDelegate.swift in Sources */,
				A5DEA40C267780890003FD33 /* SceneDelegate.swift in Sources */,
			);
			runOnlyForDeploymentPostprocessing = 0;
		};
		A5DEA4182677808C0003FD33 /* Sources */ = {
			isa = PBXSourcesBuildPhase;
			buildActionMask = 2147483647;
			files = (
				A5DEA4212677808C0003FD33 /* SimpleRSSReaderTests.swift in Sources */,
			);
			runOnlyForDeploymentPostprocessing = 0;
		};
		A5DEA4232677808C0003FD33 /* Sources */ = {
			isa = PBXSourcesBuildPhase;
			buildActionMask = 2147483647;
			files = (
				A5DEA42C2677808C0003FD33 /* SimpleRSSReaderUITests.swift in Sources */,
			);
			runOnlyForDeploymentPostprocessing = 0;
		};
/* End PBXSourcesBuildPhase section */

/* Begin PBXTargetDependency section */
		A5DEA41E2677808C0003FD33 /* PBXTargetDependency */ = {
			isa = PBXTargetDependency;
			target = A5DEA405267780890003FD33 /* SimpleRSSReader */;
			targetProxy = A5DEA41D2677808C0003FD33 /* PBXContainerItemProxy */;
		};
		A5DEA4292677808C0003FD33 /* PBXTargetDependency */ = {
			isa = PBXTargetDependency;
			target = A5DEA405267780890003FD33 /* SimpleRSSReader */;
			targetProxy = A5DEA4282677808C0003FD33 /* PBXContainerItemProxy */;
		};
/* End PBXTargetDependency section */

/* Begin PBXVariantGroup section */
		A5DEA40F267780890003FD33 /* Main.storyboard */ = {
			isa = PBXVariantGroup;
			children = (
				A5DEA410267780890003FD33 /* Base */,
			);
			name = Main.storyboard;
			sourceTree = "<group>";
		};
		A5DEA4142677808C0003FD33 /* LaunchScreen.storyboard */ = {
			isa = PBXVariantGroup;
			children = (
				A5DEA4152677808C0003FD33 /* Base */,
			);
			name = LaunchScreen.storyboard;
			sourceTree = "<group>";
		};
/* End PBXVariantGroup section */

/* Begin XCBuildConfiguration section */
		A5DEA42E2677808C0003FD33 /* Debug */ = {
			isa = XCBuildConfiguration;
			buildSettings = {
				ALWAYS_SEARCH_USER_PATHS = NO;
				CLANG_ANALYZER_NONNULL = YES;
				CLANG_ANALYZER_NUMBER_OBJECT_CONVERSION = YES_AGGRESSIVE;
				CLANG_CXX_LANGUAGE_STANDARD = "gnu++14";
				CLANG_CXX_LIBRARY = "libc++";
				CLANG_ENABLE_MODULES = YES;
				CLANG_ENABLE_OBJC_ARC = YES;
				CLANG_ENABLE_OBJC_WEAK = YES;
				CLANG_WARN_BLOCK_CAPTURE_AUTORELEASING = YES;
				CLANG_WARN_BOOL_CONVERSION = YES;
				CLANG_WARN_COMMA = YES;
				CLANG_WARN_CONSTANT_CONVERSION = YES;
				CLANG_WARN_DEPRECATED_OBJC_IMPLEMENTATIONS = YES;
				CLANG_WARN_DIRECT_OBJC_ISA_USAGE = YES_ERROR;
				CLANG_WARN_DOCUMENTATION_COMMENTS = YES;
				CLANG_WARN_EMPTY_BODY = YES;
				CLANG_WARN_ENUM_CONVERSION = YES;
				CLANG_WARN_INFINITE_RECURSION = YES;
				CLANG_WARN_INT_CONVERSION = YES;
				CLANG_WARN_NON_LITERAL_NULL_CONVERSION = YES;
				CLANG_WARN_OBJC_IMPLICIT_RETAIN_SELF = YES;
				CLANG_WARN_OBJC_LITERAL_CONVERSION = YES;
				CLANG_WARN_OBJC_ROOT_CLASS = YES_ERROR;
				CLANG_WARN_QUOTED_INCLUDE_IN_FRAMEWORK_HEADER = YES;
				CLANG_WARN_RANGE_LOOP_ANALYSIS = YES;
				CLANG_WARN_STRICT_PROTOTYPES = YES;
				CLANG_WARN_SUSPICIOUS_MOVE = YES;
				CLANG_WARN_UNGUARDED_AVAILABILITY = YES_AGGRESSIVE;
				CLANG_WARN_UNREACHABLE_CODE = YES;
				CLANG_WARN__DUPLICATE_METHOD_MATCH = YES;
				COPY_PHASE_STRIP = NO;
				DEBUG_INFORMATION_FORMAT = dwarf;
				ENABLE_STRICT_OBJC_MSGSEND = YES;
				ENABLE_TESTABILITY = YES;
				GCC_C_LANGUAGE_STANDARD = gnu11;
				GCC_DYNAMIC_NO_PIC = NO;
				GCC_NO_COMMON_BLOCKS = YES;
				GCC_OPTIMIZATION_LEVEL = 0;
				GCC_PREPROCESSOR_DEFINITIONS = (
					"DEBUG=1",
					"$(inherited)",
				);
				GCC_WARN_64_TO_32_BIT_CONVERSION = YES;
				GCC_WARN_ABOUT_RETURN_TYPE = YES_ERROR;
				GCC_WARN_UNDECLARED_SELECTOR = YES;
				GCC_WARN_UNINITIALIZED_AUTOS = YES_AGGRESSIVE;
				GCC_WARN_UNUSED_FUNCTION = YES;
				GCC_WARN_UNUSED_VARIABLE = YES;
				IPHONEOS_DEPLOYMENT_TARGET = 14.4;
				MTL_ENABLE_DEBUG_INFO = INCLUDE_SOURCE;
				MTL_FAST_MATH = YES;
				ONLY_ACTIVE_ARCH = YES;
				SDKROOT = iphoneos;
				SWIFT_ACTIVE_COMPILATION_CONDITIONS = DEBUG;
				SWIFT_OPTIMIZATION_LEVEL = "-Onone";
			};
			name = Debug;
		};
		A5DEA42F2677808C0003FD33 /* Release */ = {
			isa = XCBuildConfiguration;
			buildSettings = {
				ALWAYS_SEARCH_USER_PATHS = NO;
				CLANG_ANALYZER_NONNULL = YES;
				CLANG_ANALYZER_NUMBER_OBJECT_CONVERSION = YES_AGGRESSIVE;
				CLANG_CXX_LANGUAGE_STANDARD = "gnu++14";
				CLANG_CXX_LIBRARY = "libc++";
				CLANG_ENABLE_MODULES = YES;
				CLANG_ENABLE_OBJC_ARC = YES;
				CLANG_ENABLE_OBJC_WEAK = YES;
				CLANG_WARN_BLOCK_CAPTURE_AUTORELEASING = YES;
				CLANG_WARN_BOOL_CONVERSION = YES;
				CLANG_WARN_COMMA = YES;
				CLANG_WARN_CONSTANT_CONVERSION = YES;
				CLANG_WARN_DEPRECATED_OBJC_IMPLEMENTATIONS = YES;
				CLANG_WARN_DIRECT_OBJC_ISA_USAGE = YES_ERROR;
				CLANG_WARN_DOCUMENTATION_COMMENTS = YES;
				CLANG_WARN_EMPTY_BODY = YES;
				CLANG_WARN_ENUM_CONVERSION = YES;
				CLANG_WARN_INFINITE_RECURSION = YES;
				CLANG_WARN_INT_CONVERSION = YES;
				CLANG_WARN_NON_LITERAL_NULL_CONVERSION = YES;
				CLANG_WARN_OBJC_IMPLICIT_RETAIN_SELF = YES;
				CLANG_WARN_OBJC_LITERAL_CONVERSION = YES;
				CLANG_WARN_OBJC_ROOT_CLASS = YES_ERROR;
				CLANG_WARN_QUOTED_INCLUDE_IN_FRAMEWORK_HEADER = YES;
				CLANG_WARN_RANGE_LOOP_ANALYSIS = YES;
				CLANG_WARN_STRICT_PROTOTYPES = YES;
				CLANG_WARN_SUSPICIOUS_MOVE = YES;
				CLANG_WARN_UNGUARDED_AVAILABILITY = YES_AGGRESSIVE;
				CLANG_WARN_UNREACHABLE_CODE = YES;
				CLANG_WARN__DUPLICATE_METHOD_MATCH = YES;
				COPY_PHASE_STRIP = NO;
				DEBUG_INFORMATION_FORMAT = "dwarf-with-dsym";
				ENABLE_NS_ASSERTIONS = NO;
				ENABLE_STRICT_OBJC_MSGSEND = YES;
				GCC_C_LANGUAGE_STANDARD = gnu11;
				GCC_NO_COMMON_BLOCKS = YES;
				GCC_WARN_64_TO_32_BIT_CONVERSION = YES;
				GCC_WARN_ABOUT_RETURN_TYPE = YES_ERROR;
				GCC_WARN_UNDECLARED_SELECTOR = YES;
				GCC_WARN_UNINITIALIZED_AUTOS = YES_AGGRESSIVE;
				GCC_WARN_UNUSED_FUNCTION = YES;
				GCC_WARN_UNUSED_VARIABLE = YES;
				IPHONEOS_DEPLOYMENT_TARGET = 14.4;
				MTL_ENABLE_DEBUG_INFO = NO;
				MTL_FAST_MATH = YES;
				SDKROOT = iphoneos;
				SWIFT_COMPILATION_MODE = wholemodule;
				SWIFT_OPTIMIZATION_LEVEL = "-O";
				VALIDATE_PRODUCT = YES;
			};
			name = Release;
		};
		A5DEA4312677808C0003FD33 /* Debug */ = {
			isa = XCBuildConfiguration;
			buildSettings = {
				ASSETCATALOG_COMPILER_APPICON_NAME = AppIcon;
				ASSETCATALOG_COMPILER_GLOBAL_ACCENT_COLOR_NAME = AccentColor;
				CODE_SIGN_STYLE = Automatic;
				DEVELOPMENT_TEAM = QGAQ3AY3R3;
				INFOPLIST_FILE = SimpleRSSReader/Info.plist;
				LD_RUNPATH_SEARCH_PATHS = (
					"$(inherited)",
					"@executable_path/Frameworks",
				);
				PRODUCT_BUNDLE_IDENTIFIER = com.team.Ysoup.SimpleRSSReader;
				PRODUCT_NAME = "$(TARGET_NAME)";
				SWIFT_VERSION = 5.0;
				TARGETED_DEVICE_FAMILY = "1,2";
			};
			name = Debug;
		};
		A5DEA4322677808C0003FD33 /* Release */ = {
			isa = XCBuildConfiguration;
			buildSettings = {
				ASSETCATALOG_COMPILER_APPICON_NAME = AppIcon;
				ASSETCATALOG_COMPILER_GLOBAL_ACCENT_COLOR_NAME = AccentColor;
				CODE_SIGN_STYLE = Automatic;
				DEVELOPMENT_TEAM = QGAQ3AY3R3;
				INFOPLIST_FILE = SimpleRSSReader/Info.plist;
				LD_RUNPATH_SEARCH_PATHS = (
					"$(inherited)",
					"@executable_path/Frameworks",
				);
				PRODUCT_BUNDLE_IDENTIFIER = com.team.Ysoup.SimpleRSSReader;
				PRODUCT_NAME = "$(TARGET_NAME)";
				SWIFT_VERSION = 5.0;
				TARGETED_DEVICE_FAMILY = "1,2";
			};
			name = Release;
		};
		A5DEA4342677808C0003FD33 /* Debug */ = {
			isa = XCBuildConfiguration;
			buildSettings = {
				ALWAYS_EMBED_SWIFT_STANDARD_LIBRARIES = YES;
				BUNDLE_LOADER = "$(TEST_HOST)";
				CODE_SIGN_STYLE = Automatic;
				DEVELOPMENT_TEAM = QGAQ3AY3R3;
				INFOPLIST_FILE = SimpleRSSReaderTests/Info.plist;
				IPHONEOS_DEPLOYMENT_TARGET = 14.4;
				LD_RUNPATH_SEARCH_PATHS = (
					"$(inherited)",
					"@executable_path/Frameworks",
					"@loader_path/Frameworks",
				);
				PRODUCT_BUNDLE_IDENTIFIER = com.team.Ysoup.SimpleRSSReaderTests;
				PRODUCT_NAME = "$(TARGET_NAME)";
				SWIFT_VERSION = 5.0;
				TARGETED_DEVICE_FAMILY = "1,2";
				TEST_HOST = "$(BUILT_PRODUCTS_DIR)/SimpleRSSReader.app/SimpleRSSReader";
			};
			name = Debug;
		};
		A5DEA4352677808C0003FD33 /* Release */ = {
			isa = XCBuildConfiguration;
			buildSettings = {
				ALWAYS_EMBED_SWIFT_STANDARD_LIBRARIES = YES;
				BUNDLE_LOADER = "$(TEST_HOST)";
				CODE_SIGN_STYLE = Automatic;
				DEVELOPMENT_TEAM = QGAQ3AY3R3;
				INFOPLIST_FILE = SimpleRSSReaderTests/Info.plist;
				IPHONEOS_DEPLOYMENT_TARGET = 14.4;
				LD_RUNPATH_SEARCH_PATHS = (
					"$(inherited)",
					"@executable_path/Frameworks",
					"@loader_path/Frameworks",
				);
				PRODUCT_BUNDLE_IDENTIFIER = com.team.Ysoup.SimpleRSSReaderTests;
				PRODUCT_NAME = "$(TARGET_NAME)";
				SWIFT_VERSION = 5.0;
				TARGETED_DEVICE_FAMILY = "1,2";
				TEST_HOST = "$(BUILT_PRODUCTS_DIR)/SimpleRSSReader.app/SimpleRSSReader";
			};
			name = Release;
		};
		A5DEA4372677808C0003FD33 /* Debug */ = {
			isa = XCBuildConfiguration;
			buildSettings = {
				ALWAYS_EMBED_SWIFT_STANDARD_LIBRARIES = YES;
				CODE_SIGN_STYLE = Automatic;
				DEVELOPMENT_TEAM = QGAQ3AY3R3;
				INFOPLIST_FILE = SimpleRSSReaderUITests/Info.plist;
				LD_RUNPATH_SEARCH_PATHS = (
					"$(inherited)",
					"@executable_path/Frameworks",
					"@loader_path/Frameworks",
				);
				PRODUCT_BUNDLE_IDENTIFIER = com.team.Ysoup.SimpleRSSReaderUITests;
				PRODUCT_NAME = "$(TARGET_NAME)";
				SWIFT_VERSION = 5.0;
				TARGETED_DEVICE_FAMILY = "1,2";
				TEST_TARGET_NAME = SimpleRSSReader;
			};
			name = Debug;
		};
		A5DEA4382677808C0003FD33 /* Release */ = {
			isa = XCBuildConfiguration;
			buildSettings = {
				ALWAYS_EMBED_SWIFT_STANDARD_LIBRARIES = YES;
				CODE_SIGN_STYLE = Automatic;
				DEVELOPMENT_TEAM = QGAQ3AY3R3;
				INFOPLIST_FILE = SimpleRSSReaderUITests/Info.plist;
				LD_RUNPATH_SEARCH_PATHS = (
					"$(inherited)",
					"@executable_path/Frameworks",
					"@loader_path/Frameworks",
				);
				PRODUCT_BUNDLE_IDENTIFIER = com.team.Ysoup.SimpleRSSReaderUITests;
				PRODUCT_NAME = "$(TARGET_NAME)";
				SWIFT_VERSION = 5.0;
				TARGETED_DEVICE_FAMILY = "1,2";
				TEST_TARGET_NAME = SimpleRSSReader;
			};
			name = Release;
		};
/* End XCBuildConfiguration section */

/* Begin XCConfigurationList section */
		A5DEA401267780890003FD33 /* Build configuration list for PBXProject "SimpleRSSReader" */ = {
			isa = XCConfigurationList;
			buildConfigurations = (
				A5DEA42E2677808C0003FD33 /* Debug */,
				A5DEA42F2677808C0003FD33 /* Release */,
			);
			defaultConfigurationIsVisible = 0;
			defaultConfigurationName = Release;
		};
		A5DEA4302677808C0003FD33 /* Build configuration list for PBXNativeTarget "SimpleRSSReader" */ = {
			isa = XCConfigurationList;
			buildConfigurations = (
				A5DEA4312677808C0003FD33 /* Debug */,
				A5DEA4322677808C0003FD33 /* Release */,
			);
			defaultConfigurationIsVisible = 0;
			defaultConfigurationName = Release;
		};
		A5DEA4332677808C0003FD33 /* Build configuration list for PBXNativeTarget "SimpleRSSReaderTests" */ = {
			isa = XCConfigurationList;
			buildConfigurations = (
				A5DEA4342677808C0003FD33 /* Debug */,
				A5DEA4352677808C0003FD33 /* Release */,
			);
			defaultConfigurationIsVisible = 0;
			defaultConfigurationName = Release;
		};
		A5DEA4362677808C0003FD33 /* Build configuration list for PBXNativeTarget "SimpleRSSReaderUITests" */ = {
			isa = XCConfigurationList;
			buildConfigurations = (
				A5DEA4372677808C0003FD33 /* Debug */,
				A5DEA4382677808C0003FD33 /* Release */,
			);
			defaultConfigurationIsVisible = 0;
			defaultConfigurationName = Release;
		};
/* End XCConfigurationList section */
	};
	rootObject = A5DEA3FE267780890003FD33 /* Project object */;
}
